Microsoft Visual Studio Solution File, Format Version 12.00
# Visual Studio Version 17
VisualStudioVersion = 17.0.31903.59
MinimumVisualStudioVersion = 10.0.40219.1
Project("{2150E333-8FDC-42A3-9474-1A3956D46DE8}") = "src", "src", "{827E0CD3-B72D-47B6-A68D-7590B98EB39B}"
EndProject
Project("{FAE04EC0-301F-11D3-BF4B-00C04F79EFBC}") = "VirtualKeyboard.Core", "src\VirtualKeyboard.Core\VirtualKeyboard.Core.csproj", "{6006308E-F095-4151-8916-4DBD523E0F93}"
EndProject
Project("{FAE04EC0-301F-11D3-BF4B-00C04F79EFBC}") = "VirtualKeyboard.Windows", "src\VirtualKeyboard.Windows\VirtualKeyboard.Windows.csproj", "{D9D2E4E1-CB3E-420A-B7C4-6CF0F965122C}"
EndProject
Project("{FAE04EC0-301F-11D3-BF4B-00C04F79EFBC}") = "VirtualKeyboard.App", "src\VirtualKeyboard.App\VirtualKeyboard.App.csproj", "{BB6D15F9-4B42-439A-9433-EDFBBE751BB9}"
EndProject
Project("{2150E333-8FDC-42A3-9474-1A3956D46DE8}") = "tests", "tests", "{0AB3BF05-4346-4AA6-1389-037BE0695223}"
EndProject
Project("{FAE04EC0-301F-11D3-BF4B-00C04F79EFBC}") = "VirtualKeyboard.Core.Tests", "tests\VirtualKeyboard.Core.Tests\VirtualKeyboard.Core.Tests.csproj", "{5755C623-8168-4366-85AC-E94D5131B2DF}"
EndProject
Project("{FAE04EC0-301F-11D3-BF4B-00C04F79EFBC}") = "VirtualKeyboard.Windows.Tests", "tests\VirtualKeyboard.Windows.Tests\VirtualKeyboard.Windows.Tests.csproj", "{EA14B069-3759-4CA1-8D3C-CC2FF54E0FB6}"
EndProject
Project("{FAE04EC0-301F-11D3-BF4B-00C04F79EFBC}") = "VirtualKeyboard.IntegrationTests", "tests\VirtualKeyboard.IntegrationTests\VirtualKeyboard.IntegrationTests.csproj", "{D0903A69-EA78-43EA-937A-6D3E73B28D35}"
EndProject
Project("{FAE04EC0-301F-11D3-BF4B-00C04F79EFBC}") = "VirtualKeyboard.TestHost", "tests\VirtualKeyboard.TestHost\VirtualKeyboard.TestHost.csproj", "{2992DB41-FDBF-4030-98DA-3017391E85A5}"
EndProject
Global
	GlobalSection(SolutionConfigurationPlatforms) = preSolution
		Debug|Any CPU = Debug|Any CPU
		Debug|x64 = Debug|x64
		Debug|x86 = Debug|x86
		Release|Any CPU = Release|Any CPU
		Release|x64 = Release|x64
		Release|x86 = Release|x86
	EndGlobalSection
	GlobalSection(ProjectConfigurationPlatforms) = postSolution
		{6006308E-F095-4151-8916-4DBD523E0F93}.Debug|Any CPU.ActiveCfg = Debug|Any CPU
		{6006308E-F095-4151-8916-4DBD523E0F93}.Debug|Any CPU.Build.0 = Debug|Any CPU
		{6006308E-F095-4151-8916-4DBD523E0F93}.Debug|x64.ActiveCfg = Debug|Any CPU
		{6006308E-F095-4151-8916-4DBD523E0F93}.Debug|x64.Build.0 = Debug|Any CPU
		{6006308E-F095-4151-8916-4DBD523E0F93}.Debug|x86.ActiveCfg = Debug|Any CPU
		{6006308E-F095-4151-8916-4DBD523E0F93}.Debug|x86.Build.0 = Debug|Any CPU
		{6006308E-F095-4151-8916-4DBD523E0F93}.Release|Any CPU.ActiveCfg = Release|Any CPU
		{6006308E-F095-4151-8916-4DBD523E0F93}.Release|Any CPU.Build.0 = Release|Any CPU
		{6006308E-F095-4151-8916-4DBD523E0F93}.Release|x64.ActiveCfg = Release|Any CPU
		{6006308E-F095-4151-8916-4DBD523E0F93}.Release|x64.Build.0 = Release|Any CPU
		{6006308E-F095-4151-8916-4DBD523E0F93}.Release|x86.ActiveCfg = Release|Any CPU
		{6006308E-F095-4151-8916-4DBD523E0F93}.Release|x86.Build.0 = Release|Any CPU
		{D9D2E4E1-CB3E-420A-B7C4-6CF0F965122C}.Debug|Any CPU.ActiveCfg = Debug|Any CPU
		{D9D2E4E1-CB3E-420A-B7C4-6CF0F965122C}.Debug|Any CPU.Build.0 = Debug|Any CPU
		{D9D2E4E1-CB3E-420A-B7C4-6CF0F965122C}.Debug|x64.ActiveCfg = Debug|Any CPU
		{D9D2E4E1-CB3E-420A-B7C4-6CF0F965122C}.Debug|x64.Build.0 = Debug|Any CPU
		{D9D2E4E1-CB3E-420A-B7C4-6CF0F965122C}.Debug|x86.ActiveCfg = Debug|Any CPU
		{D9D2E4E1-CB3E-420A-B7C4-6CF0F965122C}.Debug|x86.Build.0 = Debug|Any CPU
		{D9D2E4E1-CB3E-420A-B7C4-6CF0F965122C}.Release|Any CPU.ActiveCfg = Release|Any CPU
		{D9D2E4E1-CB3E-420A-B7C4-6CF0F965122C}.Release|Any CPU.Build.0 = Release|Any CPU
		{D9D2E4E1-CB3E-420A-B7C4-6CF0F965122C}.Release|x64.ActiveCfg = Release|Any CPU
		{D9D2E4E1-CB3E-420A-B7C4-6CF0F965122C}.Release|x64.Build.0 = Release|Any CPU
		{D9D2E4E1-CB3E-420A-B7C4-6CF0F965122C}.Release|x86.ActiveCfg = Release|Any CPU
		{D9D2E4E1-CB3E-420A-B7C4-6CF0F965122C}.Release|x86.Build.0 = Release|Any CPU
		{BB6D15F9-4B42-439A-9433-EDFBBE751BB9}.Debug|Any CPU.ActiveCfg = Debug|Any CPU
		{BB6D15F9-4B42-439A-9433-EDFBBE751BB9}.Debug|Any CPU.Build.0 = Debug|Any CPU
		{BB6D15F9-4B42-439A-9433-EDFBBE751BB9}.Debug|x64.ActiveCfg = Debug|Any CPU
		{BB6D15F9-4B42-439A-9433-EDFBBE751BB9}.Debug|x64.Build.0 = Debug|Any CPU
		{BB6D15F9-4B42-439A-9433-EDFBBE751BB9}.Debug|x86.ActiveCfg = Debug|Any CPU
		{BB6D15F9-4B42-439A-9433-EDFBBE751BB9}.Debug|x86.Build.0 = Debug|Any CPU
		{BB6D15F9-4B42-439A-9433-EDFBBE751BB9}.Release|Any CPU.ActiveCfg = Release|Any CPU
		{BB6D15F9-4B42-439A-9433-EDFBBE751BB9}.Release|Any CPU.Build.0 = Release|Any CPU
		{BB6D15F9-4B42-439A-9433-EDFBBE751BB9}.Release|x64.ActiveCfg = Release|Any CPU
		{BB6D15F9-4B42-439A-9433-EDFBBE751BB9}.Release|x64.Build.0 = Release|Any CPU
		{BB6D15F9-4B42-439A-9433-EDFBBE751BB9}.Release|x86.ActiveCfg = Release|Any CPU
		{BB6D15F9-4B42-439A-9433-EDFBBE751BB9}.Release|x86.Build.0 = Release|Any CPU
		{5755C623-8168-4366-85AC-E94D5131B2DF}.Debug|Any CPU.ActiveCfg = Debug|Any CPU
		{5755C623-8168-4366-85AC-E94D5131B2DF}.Debug|Any CPU.Build.0 = Debug|Any CPU
		{5755C623-8168-4366-85AC-E94D5131B2DF}.Debug|x64.ActiveCfg = Debug|Any CPU
		{5755C623-8168-4366-85AC-E94D5131B2DF}.Debug|x64.Build.0 = Debug|Any CPU
		{5755C623-8168-4366-85AC-E94D5131B2DF}.Debug|x86.ActiveCfg = Debug|Any CPU
		{5755C623-8168-4366-85AC-E94D5131B2DF}.Debug|x86.Build.0 = Debug|Any CPU
		{5755C623-8168-4366-85AC-E94D5131B2DF}.Release|Any CPU.ActiveCfg = Release|Any CPU
		{5755C623-8168-4366-85AC-E94D5131B2DF}.Release|Any CPU.Build.0 = Release|Any CPU
		{5755C623-8168-4366-85AC-E94D5131B2DF}.Release|x64.ActiveCfg = Release|Any CPU
		{5755C623-8168-4366-85AC-E94D5131B2DF}.Release|x64.Build.0 = Release|Any CPU
		{5755C623-8168-4366-85AC-E94D5131B2DF}.Release|x86.ActiveCfg = Release|Any CPU
		{5755C623-8168-4366-85AC-E94D5131B2DF}.Release|x86.Build.0 = Release|Any CPU
		{EA14B069-3759-4CA1-8D3C-CC2FF54E0FB6}.Debug|Any CPU.ActiveCfg = Debug|Any CPU
		{EA14B069-3759-4CA1-8D3C-CC2FF54E0FB6}.Debug|Any CPU.Build.0 = Debug|Any CPU
		{EA14B069-3759-4CA1-8D3C-CC2FF54E0FB6}.Debug|x64.ActiveCfg = Debug|Any CPU
		{EA14B069-3759-4CA1-8D3C-CC2FF54E0FB6}.Debug|x64.Build.0 = Debug|Any CPU
		{EA14B069-3759-4CA1-8D3C-CC2FF54E0FB6}.Debug|x86.ActiveCfg = Debug|Any CPU
		{EA14B069-3759-4CA1-8D3C-CC2FF54E0FB6}.Debug|x86.Build.0 = Debug|Any CPU
		{EA14B069-3759-4CA1-8D3C-CC2FF54E0FB6}.Release|Any CPU.ActiveCfg = Release|Any CPU
		{EA14B069-3759-4CA1-8D3C-CC2FF54E0FB6}.Release|Any CPU.Build.0 = Release|Any CPU
		{EA14B069-3759-4CA1-8D3C-CC2FF54E0FB6}.Release|x64.ActiveCfg = Release|Any CPU
		{EA14B069-3759-4CA1-8D3C-CC2FF54E0FB6}.Release|x64.Build.0 = Release|Any CPU
		{EA14B069-3759-4CA1-8D3C-CC2FF54E0FB6}.Release|x86.ActiveCfg = Release|Any CPU
		{EA14B069-3759-4CA1-8D3C-CC2FF54E0FB6}.Release|x86.Build.0 = Release|Any CPU
		{D0903A69-EA78-43EA-937A-6D3E73B28D35}.Debug|Any CPU.ActiveCfg = Debug|Any CPU
		{D0903A69-EA78-43EA-937A-6D3E73B28D35}.Debug|Any CPU.Build.0 = Debug|Any CPU
		{D0903A69-EA78-43EA-937A-6D3E73B28D35}.Debug|x64.ActiveCfg = Debug|Any CPU
		{D0903A69-EA78-43EA-937A-6D3E73B28D35}.Debug|x64.Build.0 = Debug|Any CPU
		{D0903A69-EA78-43EA-937A-6D3E73B28D35}.Debug|x86.ActiveCfg = Debug|Any CPU
		{D0903A69-EA78-43EA-937A-6D3E73B28D35}.Debug|x86.Build.0 = Debug|Any CPU
		{D0903A69-EA78-43EA-937A-6D3E73B28D35}.Release|Any CPU.ActiveCfg = Release|Any CPU
		{D0903A69-EA78-43EA-937A-6D3E73B28D35}.Release|Any CPU.Build.0 = Release|Any CPU
		{D0903A69-EA78-43EA-937A-6D3E73B28D35}.Release|x64.ActiveCfg = Release|Any CPU
		{D0903A69-EA78-43EA-937A-6D3E73B28D35}.Release|x64.Build.0 = Release|Any CPU
		{D0903A69-EA78-43EA-937A-6D3E73B28D35}.Release|x86.ActiveCfg = Release|Any CPU
		{D0903A69-EA78-43EA-937A-6D3E73B28D35}.Release|x86.Build.0 = Release|Any CPU
		{2992DB41-FDBF-4030-98DA-3017391E85A5}.Debug|Any CPU.ActiveCfg = Debug|Any CPU
		{2992DB41-FDBF-4030-98DA-3017391E85A5}.Debug|Any CPU.Build.0 = Debug|Any CPU
		{2992DB41-FDBF-4030-98DA-3017391E85A5}.Debug|x64.ActiveCfg = Debug|Any CPU
		{2992DB41-FDBF-4030-98DA-3017391E85A5}.Debug|x64.Build.0 = Debug|Any CPU
		{2992DB41-FDBF-4030-98DA-3017391E85A5}.Debug|x86.ActiveCfg = Debug|Any CPU
		{2992DB41-FDBF-4030-98DA-3017391E85A5}.Debug|x86.Build.0 = Debug|Any CPU
		{2992DB41-FDBF-4030-98DA-3017391E85A5}.Release|Any CPU.ActiveCfg = Release|Any CPU
		{2992DB41-FDBF-4030-98DA-3017391E85A5}.Release|Any CPU.Build.0 = Release|Any CPU
		{2992DB41-FDBF-4030-98DA-3017391E85A5}.Release|x64.ActiveCfg = Release|Any CPU
		{2992DB41-FDBF-4030-98DA-3017391E85A5}.Release|x64.Build.0 = Release|Any CPU
		{2992DB41-FDBF-4030-98DA-3017391E85A5}.Release|x86.ActiveCfg = Release|Any CPU
		{2992DB41-FDBF-4030-98DA-3017391E85A5}.Release|x86.Build.0 = Release|Any CPU
	EndGlobalSection
	GlobalSection(SolutionProperties) = preSolution
		HideSolutionNode = FALSE
	EndGlobalSection
	GlobalSection(NestedProjects) = preSolution
		{6006308E-F095-4151-8916-4DBD523E0F93} = {827E0CD3-B72D-47B6-A68D-7590B98EB39B}
		{D9D2E4E1-CB3E-420A-B7C4-6CF0F965122C} = {827E0CD3-B72D-47B6-A68D-7590B98EB39B}
		{BB6D15F9-4B42-439A-9433-EDFBBE751BB9} = {827E0CD3-B72D-47B6-A68D-7590B98EB39B}
		{5755C623-8168-4366-85AC-E94D5131B2DF} = {0AB3BF05-4346-4AA6-1389-037BE0695223}
		{EA14B069-3759-4CA1-8D3C-CC2FF54E0FB6} = {0AB3BF05-4346-4AA6-1389-037BE0695223}
		{D0903A69-EA78-43EA-937A-6D3E73B28D35} = {0AB3BF05-4346-4AA6-1389-037BE0695223}
		{2992DB41-FDBF-4030-98DA-3017391E85A5} = {0AB3BF05-4346-4AA6-1389-037BE0695223}
	EndGlobalSection
EndGlobal
